// !$*UTF8*$!
{
	archiveVersion = 1;
	classes = {
	};
	objectVersion = 50;
	objects = {

/* Begin PBXBuildFile section */
		114FFA3C21B8B021001F035F /* ViewControllerExtension.swift in Sources */ = {isa = PBXBuildFile; fileRef = 114FFA3B21B8B021001F035F /* ViewControllerExtension.swift */; };
		114FFA4421B8BB3A001F035F /* GalleryViewController.swift in Sources */ = {isa = PBXBuildFile; fileRef = 114FFA4321B8BB3A001F035F /* GalleryViewController.swift */; };
		116A6F5D21AF6A5000FB9273 /* AppDelegate.swift in Sources */ = {isa = PBXBuildFile; fileRef = 116A6F5C21AF6A5000FB9273 /* AppDelegate.swift */; };
		116A6F5F21AF6A5000FB9273 /* ViewController.swift in Sources */ = {isa = PBXBuildFile; fileRef = 116A6F5E21AF6A5000FB9273 /* ViewController.swift */; };
		116A6F6221AF6A5000FB9273 /* Main.storyboard in Resources */ = {isa = PBXBuildFile; fileRef = 116A6F6021AF6A5000FB9273 /* Main.storyboard */; };
		116A6F6421AF6A5200FB9273 /* Assets.xcassets in Resources */ = {isa = PBXBuildFile; fileRef = 116A6F6321AF6A5200FB9273 /* Assets.xcassets */; };
		116A6F6721AF6A5200FB9273 /* LaunchScreen.storyboard in Resources */ = {isa = PBXBuildFile; fileRef = 116A6F6521AF6A5200FB9273 /* LaunchScreen.storyboard */; };
		116A6F7221AF6A5200FB9273 /* weatherTests.swift in Sources */ = {isa = PBXBuildFile; fileRef = 116A6F7121AF6A5200FB9273 /* weatherTests.swift */; };
		116A6F7D21AF6A5200FB9273 /* weatherUITests.swift in Sources */ = {isa = PBXBuildFile; fileRef = 116A6F7C21AF6A5200FB9273 /* weatherUITests.swift */; };
/* End PBXBuildFile section */

/* Begin PBXContainerItemProxy section */
		116A6F6E21AF6A5200FB9273 /* PBXContainerItemProxy */ = {
			isa = PBXContainerItemProxy;
			containerPortal = 116A6F5121AF6A5000FB9273 /* Project object */;
			proxyType = 1;
			remoteGlobalIDString = 116A6F5821AF6A5000FB9273;
			remoteInfo = weather;
		};
		116A6F7921AF6A5200FB9273 /* PBXContainerItemProxy */ = {
			isa = PBXContainerItemProxy;
			containerPortal = 116A6F5121AF6A5000FB9273 /* Project object */;
			proxyType = 1;
			remoteGlobalIDString = 116A6F5821AF6A5000FB9273;
			remoteInfo = weather;
		};
/* End PBXContainerItemProxy section */

/* Begin PBXFileReference section */
		114FFA3B21B8B021001F035F /* ViewControllerExtension.swift */ = {isa = PBXFileReference; lastKnownFileType = sourcecode.swift; path = ViewControllerExtension.swift; sourceTree = "<group>"; };
		114FFA4321B8BB3A001F035F /* GalleryViewController.swift */ = {isa = PBXFileReference; lastKnownFileType = sourcecode.swift; path = GalleryViewController.swift; sourceTree = "<group>"; };
		116A6F5921AF6A5000FB9273 /* weather.app */ = {isa = PBXFileReference; explicitFileType = wrapper.application; includeInIndex = 0; path = weather.app; sourceTree = BUILT_PRODUCTS_DIR; };
		116A6F5C21AF6A5000FB9273 /* AppDelegate.swift */ = {isa = PBXFileReference; lastKnownFileType = sourcecode.swift; path = AppDelegate.swift; sourceTree = "<group>"; };
		116A6F5E21AF6A5000FB9273 /* ViewController.swift */ = {isa = PBXFileReference; lastKnownFileType = sourcecode.swift; path = ViewController.swift; sourceTree = "<group>"; };
		116A6F6121AF6A5000FB9273 /* Base */ = {isa = PBXFileReference; lastKnownFileType = file.storyboard; name = Base; path = Base.lproj/Main.storyboard; sourceTree = "<group>"; };
		116A6F6321AF6A5200FB9273 /* Assets.xcassets */ = {isa = PBXFileReference; lastKnownFileType = folder.assetcatalog; path = Assets.xcassets; sourceTree = "<group>"; };
		116A6F6621AF6A5200FB9273 /* Base */ = {isa = PBXFileReference; lastKnownFileType = file.storyboard; name = Base; path = Base.lproj/LaunchScreen.storyboard; sourceTree = "<group>"; };
		116A6F6821AF6A5200FB9273 /* Info.plist */ = {isa = PBXFileReference; lastKnownFileType = text.plist.xml; path = Info.plist; sourceTree = "<group>"; };
		116A6F6D21AF6A5200FB9273 /* weatherTests.xctest */ = {isa = PBXFileReference; explicitFileType = wrapper.cfbundle; includeInIndex = 0; path = weatherTests.xctest; sourceTree = BUILT_PRODUCTS_DIR; };
		116A6F7121AF6A5200FB9273 /* weatherTests.swift */ = {isa = PBXFileReference; lastKnownFileType = sourcecode.swift; path = weatherTests.swift; sourceTree = "<group>"; };
		116A6F7321AF6A5200FB9273 /* Info.plist */ = {isa = PBXFileReference; lastKnownFileType = text.plist.xml; path = Info.plist; sourceTree = "<group>"; };
		116A6F7821AF6A5200FB9273 /* weatherUITests.xctest */ = {isa = PBXFileReference; explicitFileType = wrapper.cfbundle; includeInIndex = 0; path = weatherUITests.xctest; sourceTree = BUILT_PRODUCTS_DIR; };
		116A6F7C21AF6A5200FB9273 /* weatherUITests.swift */ = {isa = PBXFileReference; lastKnownFileType = sourcecode.swift; path = weatherUITests.swift; sourceTree = "<group>"; };
		116A6F7E21AF6A5200FB9273 /* Info.plist */ = {isa = PBXFileReference; lastKnownFileType = text.plist.xml; path = Info.plist; sourceTree = "<group>"; };
/* End PBXFileReference section */

/* Begin PBXFrameworksBuildPhase section */
		116A6F5621AF6A5000FB9273 /* Frameworks */ = {
			isa = PBXFrameworksBuildPhase;
			buildActionMask = 2147483647;
			files = (
			);
			runOnlyForDeploymentPostprocessing = 0;
		};
		116A6F6A21AF6A5200FB9273 /* Frameworks */ = {
			isa = PBXFrameworksBuildPhase;
			buildActionMask = 2147483647;
			files = (
			);
			runOnlyForDeploymentPostprocessing = 0;
		};
		116A6F7521AF6A5200FB9273 /* Frameworks */ = {
			isa = PBXFrameworksBuildPhase;
			buildActionMask = 2147483647;
			files = (
			);
			runOnlyForDeploymentPostprocessing = 0;
		};
/* End PBXFrameworksBuildPhase section */

/* Begin PBXGroup section */
		116A6F5021AF6A5000FB9273 = {
			isa = PBXGroup;
			children = (
				116A6F5B21AF6A5000FB9273 /* weather */,
				116A6F7021AF6A5200FB9273 /* weatherTests */,
				116A6F7B21AF6A5200FB9273 /* weatherUITests */,
				116A6F5A21AF6A5000FB9273 /* Products */,
			);
			sourceTree = "<group>";
		};
		116A6F5A21AF6A5000FB9273 /* Products */ = {
			isa = PBXGroup;
			children = (
				116A6F5921AF6A5000FB9273 /* weather.app */,
				116A6F6D21AF6A5200FB9273 /* weatherTests.xctest */,
				116A6F7821AF6A5200FB9273 /* weatherUITests.xctest */,
			);
			name = Products;
			sourceTree = "<group>";
		};
		116A6F5B21AF6A5000FB9273 /* weather */ = {
			isa = PBXGroup;
			children = (
				116A6F5C21AF6A5000FB9273 /* AppDelegate.swift */,
				116A6F5E21AF6A5000FB9273 /* ViewController.swift */,
				116A6F6021AF6A5000FB9273 /* Main.storyboard */,
				116A6F6321AF6A5200FB9273 /* Assets.xcassets */,
				116A6F6521AF6A5200FB9273 /* LaunchScreen.storyboard */,
				116A6F6821AF6A5200FB9273 /* Info.plist */,
				114FFA3B21B8B021001F035F /* ViewControllerExtension.swift */,
				114FFA4321B8BB3A001F035F /* GalleryViewController.swift */,
			);
			path = weather;
			sourceTree = "<group>";
		};
		116A6F7021AF6A5200FB9273 /* weatherTests */ = {
			isa = PBXGroup;
			children = (
				116A6F7121AF6A5200FB9273 /* weatherTests.swift */,
				116A6F7321AF6A5200FB9273 /* Info.plist */,
			);
			path = weatherTests;
			sourceTree = "<group>";
		};
		116A6F7B21AF6A5200FB9273 /* weatherUITests */ = {
			isa = PBXGroup;
			children = (
				116A6F7C21AF6A5200FB9273 /* weatherUITests.swift */,
				116A6F7E21AF6A5200FB9273 /* Info.plist */,
			);
			path = weatherUITests;
			sourceTree = "<group>";
		};
/* End PBXGroup section */

/* Begin PBXNativeTarget section */
		116A6F5821AF6A5000FB9273 /* weather */ = {
			isa = PBXNativeTarget;
			buildConfigurationList = 116A6F8121AF6A5200FB9273 /* Build configuration list for PBXNativeTarget "weather" */;
			buildPhases = (
				116A6F5521AF6A5000FB9273 /* Sources */,
				116A6F5621AF6A5000FB9273 /* Frameworks */,
				116A6F5721AF6A5000FB9273 /* Resources */,
			);
			buildRules = (
			);
			dependencies = (
			);
			name = weather;
			productName = weather;
			productReference = 116A6F5921AF6A5000FB9273 /* weather.app */;
			productType = "com.apple.product-type.application";
		};
		116A6F6C21AF6A5200FB9273 /* weatherTests */ = {
			isa = PBXNativeTarget;
			buildConfigurationList = 116A6F8421AF6A5200FB9273 /* Build configuration list for PBXNativeTarget "weatherTests" */;
			buildPhases = (
				116A6F6921AF6A5200FB9273 /* Sources */,
				116A6F6A21AF6A5200FB9273 /* Frameworks */,
				116A6F6B21AF6A5200FB9273 /* Resources */,
			);
			buildRules = (
			);
			dependencies = (
				116A6F6F21AF6A5200FB9273 /* PBXTargetDependency */,
			);
			name = weatherTests;
			productName = weatherTests;
			productReference = 116A6F6D21AF6A5200FB9273 /* weatherTests.xctest */;
			productType = "com.apple.product-type.bundle.unit-test";
		};
		116A6F7721AF6A5200FB9273 /* weatherUITests */ = {
			isa = PBXNativeTarget;
			buildConfigurationList = 116A6F8721AF6A5200FB9273 /* Build configuration list for PBXNativeTarget "weatherUITests" */;
			buildPhases = (
				116A6F7421AF6A5200FB9273 /* Sources */,
				116A6F7521AF6A5200FB9273 /* Frameworks */,
				116A6F7621AF6A5200FB9273 /* Resources */,
			);
			buildRules = (
			);
			dependencies = (
				116A6F7A21AF6A5200FB9273 /* PBXTargetDependency */,
			);
			name = weatherUITests;
			productName = weatherUITests;
			productReference = 116A6F7821AF6A5200FB9273 /* weatherUITests.xctest */;
			productType = "com.apple.product-type.bundle.ui-testing";
		};
/* End PBXNativeTarget section */

/* Begin PBXProject section */
		116A6F5121AF6A5000FB9273 /* Project object */ = {
			isa = PBXProject;
			attributes = {
				LastSwiftUpdateCheck = 1010;
				LastUpgradeCheck = 1010;
				ORGANIZATIONNAME = cxm;
				TargetAttributes = {
					116A6F5821AF6A5000FB9273 = {
						CreatedOnToolsVersion = 10.1;
					};
					116A6F6C21AF6A5200FB9273 = {
						CreatedOnToolsVersion = 10.1;
						TestTargetID = 116A6F5821AF6A5000FB9273;
					};
					116A6F7721AF6A5200FB9273 = {
						CreatedOnToolsVersion = 10.1;
						TestTargetID = 116A6F5821AF6A5000FB9273;
					};
				};
			};
			buildConfigurationList = 116A6F5421AF6A5000FB9273 /* Build configuration list for PBXProject "weather" */;
			compatibilityVersion = "Xcode 9.3";
			developmentRegion = en;
			hasScannedForEncodings = 0;
			knownRegions = (
				en,
				Base,
			);
			mainGroup = 116A6F5021AF6A5000FB9273;
			productRefGroup = 116A6F5A21AF6A5000FB9273 /* Products */;
			projectDirPath = "";
			projectRoot = "";
			targets = (
				116A6F5821AF6A5000FB9273 /* weather */,
				116A6F6C21AF6A5200FB9273 /* weatherTests */,
				116A6F7721AF6A5200FB9273 /* weatherUITests */,
			);
		};
/* End PBXProject section */

/* Begin PBXResourcesBuildPhase section */
		116A6F5721AF6A5000FB9273 /* Resources */ = {
			isa = PBXResourcesBuildPhase;
			buildActionMask = 2147483647;
			files = (
				116A6F6721AF6A5200FB9273 /* LaunchScreen.storyboard in Resources */,
				116A6F6421AF6A5200FB9273 /* Assets.xcassets in Resources */,
				116A6F6221AF6A5000FB9273 /* Main.storyboard in Resources */,
			);
			runOnlyForDeploymentPostprocessing = 0;
		};
		116A6F6B21AF6A5200FB9273 /* Resources */ = {
			isa = PBXResourcesBuildPhase;
			buildActionMask = 2147483647;
			files = (
			);
			runOnlyForDeploymentPostprocessing = 0;
		};
		116A6F7621AF6A5200FB9273 /* Resources */ = {
			isa = PBXResourcesBuildPhase;
			buildActionMask = 2147483647;
			files = (
			);
			runOnlyForDeploymentPostprocessing = 0;
		};
/* End PBXResourcesBuildPhase section */

/* Begin PBXSourcesBuildPhase section */
		116A6F5521AF6A5000FB9273 /* Sources */ = {
			isa = PBXSourcesBuildPhase;
			buildActionMask = 2147483647;
			files = (
				116A6F5F21AF6A5000FB9273 /* ViewController.swift in Sources */,
				114FFA4421B8BB3A001F035F /* GalleryViewController.swift in Sources */,
				116A6F5D21AF6A5000FB9273 /* AppDelegate.swift in Sources */,
				114FFA3C21B8B021001F035F /* ViewControllerExtension.swift in Sources */,
			);
			runOnlyForDeploymentPostprocessing = 0;
		};
		116A6F6921AF6A5200FB9273 /* Sources */ = {
			isa = PBXSourcesBuildPhase;
			buildActionMask = 2147483647;
			files = (
				116A6F7221AF6A5200FB9273 /* weatherTests.swift in Sources */,
			);
			runOnlyForDeploymentPostprocessing = 0;
		};
		116A6F7421AF6A5200FB9273 /* Sources */ = {
			isa = PBXSourcesBuildPhase;
			buildActionMask = 2147483647;
			files = (
				116A6F7D21AF6A5200FB9273 /* weatherUITests.swift in Sources */,
			);
			runOnlyForDeploymentPostprocessing = 0;
		};
/* End PBXSourcesBuildPhase section */

/* Begin PBXTargetDependency section */
		116A6F6F21AF6A5200FB9273 /* PBXTargetDependency */ = {
			isa = PBXTargetDependency;
			target = 116A6F5821AF6A5000FB9273 /* weather */;
			targetProxy = 116A6F6E21AF6A5200FB9273 /* PBXContainerItemProxy */;
		};
		116A6F7A21AF6A5200FB9273 /* PBXTargetDependency */ = {
			isa = PBXTargetDependency;
			target = 116A6F5821AF6A5000FB9273 /* weather */;
			targetProxy = 116A6F7921AF6A5200FB9273 /* PBXContainerItemProxy */;
		};
/* End PBXTargetDependency section */

/* Begin PBXVariantGroup section */
		116A6F6021AF6A5000FB9273 /* Main.storyboard */ = {
			isa = PBXVariantGroup;
			children = (
				116A6F6121AF6A5000FB9273 /* Base */,
			);
			name = Main.storyboard;
			sourceTree = "<group>";
		};
		116A6F6521AF6A5200FB9273 /* LaunchScreen.storyboard */ = {
			isa = PBXVariantGroup;
			children = (
				116A6F6621AF6A5200FB9273 /* Base */,
			);
			name = LaunchScreen.storyboard;
			sourceTree = "<group>";
		};
/* End PBXVariantGroup section */

/* Begin XCBuildConfiguration section */
		116A6F7F21AF6A5200FB9273 /* Debug */ = {
			isa = XCBuildConfiguration;
			buildSettings = {
				ALWAYS_SEARCH_USER_PATHS = NO;
				CLANG_ANALYZER_NONNULL = YES;
				CLANG_ANALYZER_NUMBER_OBJECT_CONVERSION = YES_AGGRESSIVE;
				CLANG_CXX_LANGUAGE_STANDARD = "gnu++14";
				CLANG_CXX_LIBRARY = "libc++";
				CLANG_ENABLE_MODULES = YES;
				CLANG_ENABLE_OBJC_ARC = YES;
				CLANG_ENABLE_OBJC_WEAK = YES;
				CLANG_WARN_BLOCK_CAPTURE_AUTORELEASING = YES;
				CLANG_WARN_BOOL_CONVERSION = YES;
				CLANG_WARN_COMMA = YES;
				CLANG_WARN_CONSTANT_CONVERSION = YES;
				CLANG_WARN_DEPRECATED_OBJC_IMPLEMENTATIONS = YES;
				CLANG_WARN_DIRECT_OBJC_ISA_USAGE = YES_ERROR;
				CLANG_WARN_DOCUMENTATION_COMMENTS = YES;
				CLANG_WARN_EMPTY_BODY = YES;
				CLANG_WARN_ENUM_CONVERSION = YES;
				CLANG_WARN_INFINITE_RECURSION = YES;
				CLANG_WARN_INT_CONVERSION = YES;
				CLANG_WARN_NON_LITERAL_NULL_CONVERSION = YES;
				CLANG_WARN_OBJC_IMPLICIT_RETAIN_SELF = YES;
				CLANG_WARN_OBJC_LITERAL_CONVERSION = YES;
				CLANG_WARN_OBJC_ROOT_CLASS = YES_ERROR;
				CLANG_WARN_RANGE_LOOP_ANALYSIS = YES;
				CLANG_WARN_STRICT_PROTOTYPES = YES;
				CLANG_WARN_SUSPICIOUS_MOVE = YES;
				CLANG_WARN_UNGUARDED_AVAILABILITY = YES_AGGRESSIVE;
				CLANG_WARN_UNREACHABLE_CODE = YES;
				CLANG_WARN__DUPLICATE_METHOD_MATCH = YES;
				CODE_SIGN_IDENTITY = "iPhone Developer";
				COPY_PHASE_STRIP = NO;
				DEBUG_INFORMATION_FORMAT = dwarf;
				ENABLE_STRICT_OBJC_MSGSEND = YES;
				ENABLE_TESTABILITY = YES;
				GCC_C_LANGUAGE_STANDARD = gnu11;
				GCC_DYNAMIC_NO_PIC = NO;
				GCC_NO_COMMON_BLOCKS = YES;
				GCC_OPTIMIZATION_LEVEL = 0;
				GCC_PREPROCESSOR_DEFINITIONS = (
					"DEBUG=1",
					"$(inherited)",
				);
				GCC_WARN_64_TO_32_BIT_CONVERSION = YES;
				GCC_WARN_ABOUT_RETURN_TYPE = YES_ERROR;
				GCC_WARN_UNDECLARED_SELECTOR = YES;
				GCC_WARN_UNINITIALIZED_AUTOS = YES_AGGRESSIVE;
				GCC_WARN_UNUSED_FUNCTION = YES;
				GCC_WARN_UNUSED_VARIABLE = YES;
				IPHONEOS_DEPLOYMENT_TARGET = 12.1;
				MTL_ENABLE_DEBUG_INFO = INCLUDE_SOURCE;
				MTL_FAST_MATH = YES;
				ONLY_ACTIVE_ARCH = YES;
				SDKROOT = iphoneos;
				SWIFT_ACTIVE_COMPILATION_CONDITIONS = DEBUG;
				SWIFT_OPTIMIZATION_LEVEL = "-Onone";
			};
			name = Debug;
		};
		116A6F8021AF6A5200FB9273 /* Release */ = {
			isa = XCBuildConfiguration;
			buildSettings = {
				ALWAYS_SEARCH_USER_PATHS = NO;
				CLANG_ANALYZER_NONNULL = YES;
				CLANG_ANALYZER_NUMBER_OBJECT_CONVERSION = YES_AGGRESSIVE;
				CLANG_CXX_LANGUAGE_STANDARD = "gnu++14";
				CLANG_CXX_LIBRARY = "libc++";
				CLANG_ENABLE_MODULES = YES;
				CLANG_ENABLE_OBJC_ARC = YES;
				CLANG_ENABLE_OBJC_WEAK = YES;
				CLANG_WARN_BLOCK_CAPTURE_AUTORELEASING = YES;
				CLANG_WARN_BOOL_CONVERSION = YES;
				CLANG_WARN_COMMA = YES;
				CLANG_WARN_CONSTANT_CONVERSION = YES;
				CLANG_WARN_DEPRECATED_OBJC_IMPLEMENTATIONS = YES;
				CLANG_WARN_DIRECT_OBJC_ISA_USAGE = YES_ERROR;
				CLANG_WARN_DOCUMENTATION_COMMENTS = YES;
				CLANG_WARN_EMPTY_BODY = YES;
				CLANG_WARN_ENUM_CONVERSION = YES;
				CLANG_WARN_INFINITE_RECURSION = YES;
				CLANG_WARN_INT_CONVERSION = YES;
				CLANG_WARN_NON_LITERAL_NULL_CONVERSION = YES;
				CLANG_WARN_OBJC_IMPLICIT_RETAIN_SELF = YES;
				CLANG_WARN_OBJC_LITERAL_CONVERSION = YES;
				CLANG_WARN_OBJC_ROOT_CLASS = YES_ERROR;
				CLANG_WARN_RANGE_LOOP_ANALYSIS = YES;
				CLANG_WARN_STRICT_PROTOTYPES = YES;
				CLANG_WARN_SUSPICIOUS_MOVE = YES;
				CLANG_WARN_UNGUARDED_AVAILABILITY = YES_AGGRESSIVE;
				CLANG_WARN_UNREACHABLE_CODE = YES;
				CLANG_WARN__DUPLICATE_METHOD_MATCH = YES;
				CODE_SIGN_IDENTITY = "iPhone Developer";
				COPY_PHASE_STRIP = NO;
				DEBUG_INFORMATION_FORMAT = "dwarf-with-dsym";
				ENABLE_NS_ASSERTIONS = NO;
				ENABLE_STRICT_OBJC_MSGSEND = YES;
				GCC_C_LANGUAGE_STANDARD = gnu11;
				GCC_NO_COMMON_BLOCKS = YES;
				GCC_WARN_64_TO_32_BIT_CONVERSION = YES;
				GCC_WARN_ABOUT_RETURN_TYPE = YES_ERROR;
				GCC_WARN_UNDECLARED_SELECTOR = YES;
				GCC_WARN_UNINITIALIZED_AUTOS = YES_AGGRESSIVE;
				GCC_WARN_UNUSED_FUNCTION = YES;
				GCC_WARN_UNUSED_VARIABLE = YES;
				IPHONEOS_DEPLOYMENT_TARGET = 12.1;
				MTL_ENABLE_DEBUG_INFO = NO;
				MTL_FAST_MATH = YES;
				SDKROOT = iphoneos;
				SWIFT_COMPILATION_MODE = wholemodule;
				SWIFT_OPTIMIZATION_LEVEL = "-O";
				VALIDATE_PRODUCT = YES;
			};
			name = Release;
		};
		116A6F8221AF6A5200FB9273 /* Debug */ = {
			isa = XCBuildConfiguration;
			buildSettings = {
				ASSETCATALOG_COMPILER_APPICON_NAME = AppIcon;
				CODE_SIGN_STYLE = Automatic;
				INFOPLIST_FILE = weather/Info.plist;
				LD_RUNPATH_SEARCH_PATHS = (
					"$(inherited)",
					"@executable_path/Frameworks",
				);
				PRODUCT_BUNDLE_IDENTIFIER = imnu.edu.cn.weather;
				PRODUCT_NAME = "$(TARGET_NAME)";
				SWIFT_VERSION = 4.2;
				TARGETED_DEVICE_FAMILY = "1,2";
			};
			name = Debug;
		};
		116A6F8321AF6A5200FB9273 /* Release */ = {
			isa = XCBuildConfiguration;
			buildSettings = {
				ASSETCATALOG_COMPILER_APPICON_NAME = AppIcon;
				CODE_SIGN_STYLE = Automatic;
				INFOPLIST_FILE = weather/Info.plist;
				LD_RUNPATH_SEARCH_PATHS = (
					"$(inherited)",
					"@executable_path/Frameworks",
				);
				PRODUCT_BUNDLE_IDENTIFIER = imnu.edu.cn.weather;
				PRODUCT_NAME = "$(TARGET_NAME)";
				SWIFT_VERSION = 4.2;
				TARGETED_DEVICE_FAMILY = "1,2";
			};
			name = Release;
		};
		116A6F8521AF6A5200FB9273 /* Debug */ = {
			isa = XCBuildConfiguration;
			buildSettings = {
				ALWAYS_EMBED_SWIFT_STANDARD_LIBRARIES = YES;
				BUNDLE_LOADER = "$(TEST_HOST)";
				CODE_SIGN_STYLE = Automatic;
				INFOPLIST_FILE = weatherTests/Info.plist;
				LD_RUNPATH_SEARCH_PATHS = (
					"$(inherited)",
					"@executable_path/Frameworks",
					"@loader_path/Frameworks",
				);
				PRODUCT_BUNDLE_IDENTIFIER = imnu.edu.cn.weatherTests;
				PRODUCT_NAME = "$(TARGET_NAME)";
				SWIFT_VERSION = 4.2;
				TARGETED_DEVICE_FAMILY = "1,2";
				TEST_HOST = "$(BUILT_PRODUCTS_DIR)/weather.app/weather";
			};
			name = Debug;
		};
		116A6F8621AF6A5200FB9273 /* Release */ = {
			isa = XCBuildConfiguration;
			buildSettings = {
				ALWAYS_EMBED_SWIFT_STANDARD_LIBRARIES = YES;
				BUNDLE_LOADER = "$(TEST_HOST)";
				CODE_SIGN_STYLE = Automatic;
				INFOPLIST_FILE = weatherTests/Info.plist;
				LD_RUNPATH_SEARCH_PATHS = (
					"$(inherited)",
					"@executable_path/Frameworks",
					"@loader_path/Frameworks",
				);
				PRODUCT_BUNDLE_IDENTIFIER = imnu.edu.cn.weatherTests;
				PRODUCT_NAME = "$(TARGET_NAME)";
				SWIFT_VERSION = 4.2;
				TARGETED_DEVICE_FAMILY = "1,2";
				TEST_HOST = "$(BUILT_PRODUCTS_DIR)/weather.app/weather";
			};
			name = Release;
		};
		116A6F8821AF6A5200FB9273 /* Debug */ = {
			isa = XCBuildConfiguration;
			buildSettings = {
				ALWAYS_EMBED_SWIFT_STANDARD_LIBRARIES = YES;
				CODE_SIGN_STYLE = Automatic;
				INFOPLIST_FILE = weatherUITests/Info.plist;
				LD_RUNPATH_SEARCH_PATHS = (
					"$(inherited)",
					"@executable_path/Frameworks",
					"@loader_path/Frameworks",
				);
				PRODUCT_BUNDLE_IDENTIFIER = imnu.edu.cn.weatherUITests;
				PRODUCT_NAME = "$(TARGET_NAME)";
				SWIFT_VERSION = 4.2;
				TARGETED_DEVICE_FAMILY = "1,2";
				TEST_TARGET_NAME = weather;
			};
			name = Debug;
		};
		116A6F8921AF6A5200FB9273 /* Release */ = {
			isa = XCBuildConfiguration;
			buildSettings = {
				ALWAYS_EMBED_SWIFT_STANDARD_LIBRARIES = YES;
				CODE_SIGN_STYLE = Automatic;
				INFOPLIST_FILE = weatherUITests/Info.plist;
				LD_RUNPATH_SEARCH_PATHS = (
					"$(inherited)",
					"@executable_path/Frameworks",
					"@loader_path/Frameworks",
				);
				PRODUCT_BUNDLE_IDENTIFIER = imnu.edu.cn.weatherUITests;
				PRODUCT_NAME = "$(TARGET_NAME)";
				SWIFT_VERSION = 4.2;
				TARGETED_DEVICE_FAMILY = "1,2";
				TEST_TARGET_NAME = weather;
			};
			name = Release;
		};
/* End XCBuildConfiguration section */

/* Begin XCConfigurationList section */
		116A6F5421AF6A5000FB9273 /* Build configuration list for PBXProject "weather" */ = {
			isa = XCConfigurationList;
			buildConfigurations = (
				116A6F7F21AF6A5200FB9273 /* Debug */,
				116A6F8021AF6A5200FB9273 /* Release */,
			);
			defaultConfigurationIsVisible = 0;
			defaultConfigurationName = Release;
		};
		116A6F8121AF6A5200FB9273 /* Build configuration list for PBXNativeTarget "weather" */ = {
			isa = XCConfigurationList;
			buildConfigurations = (
				116A6F8221AF6A5200FB9273 /* Debug */,
				116A6F8321AF6A5200FB9273 /* Release */,
			);
			defaultConfigurationIsVisible = 0;
			defaultConfigurationName = Release;
		};
		116A6F8421AF6A5200FB9273 /* Build configuration list for PBXNativeTarget "weatherTests" */ = {
			isa = XCConfigurationList;
			buildConfigurations = (
				116A6F8521AF6A5200FB9273 /* Debug */,
				116A6F8621AF6A5200FB9273 /* Release */,
			);
			defaultConfigurationIsVisible = 0;
			defaultConfigurationName = Release;
		};
		116A6F8721AF6A5200FB9273 /* Build configuration list for PBXNativeTarget "weatherUITests" */ = {
			isa = XCConfigurationList;
			buildConfigurations = (
				116A6F8821AF6A5200FB9273 /* Debug */,
				116A6F8921AF6A5200FB9273 /* Release */,
			);
			defaultConfigurationIsVisible = 0;
			defaultConfigurationName = Release;
		};
/* End XCConfigurationList section */
	};
	rootObject = 116A6F5121AF6A5000FB9273 /* Project object */;
}
